{
  "nodes": {
    "home-manager": {
      "inputs": {
        "nixpkgs": [
          "nixpkgs"
        ]
      },
      "locked": {
        "lastModified": 1716711146,
        "narHash": "sha256-CZ8vs7lX/qDqzJo/Vp/59q6yFxo99we2TSecUYJpeOc=",
        "owner": "nix-community",
        "repo": "home-manager",
        "rev": "147c5eb5b39dee01c44feb6fca4632183e23e03b",
        "type": "github"
      },
      "original": {
        "owner": "nix-community",
        "ref": "release-23.11",
        "repo": "home-manager",
        "type": "github"
      }
    },
    "nix-darwin": {
      "inputs": {
        "nixpkgs": [
          "nixpkgs"
        ]
      },
      "locked": {
        "lastModified": 1715901937,
        "narHash": "sha256-eMyvWP56ZOdraC2IOvZo0/RTDcrrsqJ0oJWDC76JTak=",
        "owner": "LnL7",
        "repo": "nix-darwin",
        "rev": "ffc01182f90118119930bdfc528c1ee9a39ecef8",
        "type": "github"
      },
      "original": {
        "owner": "LnL7",
        "repo": "nix-darwin",
        "type": "github"
      }
    },
    "nixpkgs": {
      "locked": {
        "lastModified": 1716239187,
        "narHash": "sha256-5oyOV5ZlqXYQ8RB6lvVrKxVBeBPE/ZsLY+qQKqSJLZM=",
        "owner": "nixos",
        "repo": "nixpkgs",
        "rev": "f88df4bf25b729d78712c441fb0910f7085e9395",
        "type": "github"
      },
      "original": {
        "owner": "nixos",
        "ref": "nixpkgs-23.11-darwin",
        "repo": "nixpkgs",
        "type": "github"
      }
    },
    "nixpkgs-unstable": {
      "locked": {
        "lastModified": 1716220750,
        "narHash": "sha256-Lhhrd1ZBNXCbUupWGq6gRPIy1qMKEdcAXcjnwgVqe/U=",
        "owner": "NixOS",
        "repo": "nixpkgs",
        "rev": "641daa314d5bc1bca4b345da8eb08a130b109c79",
        "type": "github"
      },
      "original": {
        "owner": "NixOS",
        "ref": "nixpkgs-unstable",
        "repo": "nixpkgs",
        "type": "github"
      }
    },
    "root": {
      "inputs": {
        "home-manager": "home-manager",
        "nix-darwin": "nix-darwin",
        "nixpkgs": "nixpkgs",
        "nixpkgs-unstable": "nixpkgs-unstable"
      }
    }
  },
  "root": "root",
  "version": 7
}
